// !$*UTF8*$!
{
	archiveVersion = 1;
	classes = {
	};
	objectVersion = 55;
	objects = {

/* Begin PBXBuildFile section */
		19530789279910C80086906B /* AppDelegate.swift in Sources */ = {isa = PBXBuildFile; fileRef = 19530788279910C80086906B /* AppDelegate.swift */; };
		1953078D279910C80086906B /* LoginViewController.swift in Sources */ = {isa = PBXBuildFile; fileRef = 1953078C279910C80086906B /* LoginViewController.swift */; };
		19530792279910CB0086906B /* Assets.xcassets in Resources */ = {isa = PBXBuildFile; fileRef = 19530791279910CB0086906B /* Assets.xcassets */; };
		19530795279910CB0086906B /* LaunchScreen.storyboard in Resources */ = {isa = PBXBuildFile; fileRef = 19530793279910CB0086906B /* LaunchScreen.storyboard */; };
		195307A0279919AE0086906B /* LoginView.swift in Sources */ = {isa = PBXBuildFile; fileRef = 1953079F279919AE0086906B /* LoginView.swift */; };
		19FB30D4279AE5860038F435 /* OnboardingContainerViewController.swift in Sources */ = {isa = PBXBuildFile; fileRef = 19FB30D3279AE5860038F435 /* OnboardingContainerViewController.swift */; };
		19FB30D6279AEE8E0038F435 /* OnboardingViewController.swift in Sources */ = {isa = PBXBuildFile; fileRef = 19FB30D5279AEE8E0038F435 /* OnboardingViewController.swift */; };
		19FB30D9279B51420038F435 /* LocalState.swift in Sources */ = {isa = PBXBuildFile; fileRef = 19FB30D8279B51420038F435 /* LocalState.swift */; };
		19FB30DB279B55030038F435 /* DummyViewController.swift in Sources */ = {isa = PBXBuildFile; fileRef = 19FB30DA279B55030038F435 /* DummyViewController.swift */; };
		19FB30DD279C3CC80038F435 /* UIViewController+Utils.swift in Sources */ = {isa = PBXBuildFile; fileRef = 19FB30DC279C3CC80038F435 /* UIViewController+Utils.swift */; };
		19FB30DF279C3F3F0038F435 /* MainViewController.swift in Sources */ = {isa = PBXBuildFile; fileRef = 19FB30DE279C3F3F0038F435 /* MainViewController.swift */; };
/* End PBXBuildFile section */

/* Begin PBXFileReference section */
		19530785279910C80086906B /* AbiBank.app */ = {isa = PBXFileReference; explicitFileType = wrapper.application; includeInIndex = 0; path = AbiBank.app; sourceTree = BUILT_PRODUCTS_DIR; };
		19530788279910C80086906B /* AppDelegate.swift */ = {isa = PBXFileReference; lastKnownFileType = sourcecode.swift; path = AppDelegate.swift; sourceTree = "<group>"; };
		1953078C279910C80086906B /* LoginViewController.swift */ = {isa = PBXFileReference; lastKnownFileType = sourcecode.swift; path = LoginViewController.swift; sourceTree = "<group>"; };
		19530791279910CB0086906B /* Assets.xcassets */ = {isa = PBXFileReference; lastKnownFileType = folder.assetcatalog; path = Assets.xcassets; sourceTree = "<group>"; };
		19530794279910CB0086906B /* Base */ = {isa = PBXFileReference; lastKnownFileType = file.storyboard; name = Base; path = Base.lproj/LaunchScreen.storyboard; sourceTree = "<group>"; };
		19530796279910CB0086906B /* Info.plist */ = {isa = PBXFileReference; lastKnownFileType = text.plist.xml; path = Info.plist; sourceTree = "<group>"; };
		1953079F279919AE0086906B /* LoginView.swift */ = {isa = PBXFileReference; lastKnownFileType = sourcecode.swift; path = LoginView.swift; sourceTree = "<group>"; };
		19FB30D3279AE5860038F435 /* OnboardingContainerViewController.swift */ = {isa = PBXFileReference; lastKnownFileType = sourcecode.swift; path = OnboardingContainerViewController.swift; sourceTree = "<group>"; };
		19FB30D5279AEE8E0038F435 /* OnboardingViewController.swift */ = {isa = PBXFileReference; lastKnownFileType = sourcecode.swift; path = OnboardingViewController.swift; sourceTree = "<group>"; };
		19FB30D8279B51420038F435 /* LocalState.swift */ = {isa = PBXFileReference; lastKnownFileType = sourcecode.swift; path = LocalState.swift; sourceTree = "<group>"; };
		19FB30DA279B55030038F435 /* DummyViewController.swift */ = {isa = PBXFileReference; lastKnownFileType = sourcecode.swift; path = DummyViewController.swift; sourceTree = "<group>"; };
		19FB30DC279C3CC80038F435 /* UIViewController+Utils.swift */ = {isa = PBXFileReference; lastKnownFileType = sourcecode.swift; path = "UIViewController+Utils.swift"; sourceTree = "<group>"; };
		19FB30DE279C3F3F0038F435 /* MainViewController.swift */ = {isa = PBXFileReference; lastKnownFileType = sourcecode.swift; path = MainViewController.swift; sourceTree = "<group>"; };
/* End PBXFileReference section */

/* Begin PBXFrameworksBuildPhase section */
		19530782279910C80086906B /* Frameworks */ = {
			isa = PBXFrameworksBuildPhase;
			buildActionMask = 2147483647;
			files = (
			);
			runOnlyForDeploymentPostprocessing = 0;
		};
/* End PBXFrameworksBuildPhase section */

/* Begin PBXGroup section */
		1953077C279910C80086906B = {
			isa = PBXGroup;
			children = (
				19530787279910C80086906B /* AbiBank */,
				19530786279910C80086906B /* Products */,
			);
			sourceTree = "<group>";
		};
		19530786279910C80086906B /* Products */ = {
			isa = PBXGroup;
			children = (
				19530785279910C80086906B /* AbiBank.app */,
			);
			name = Products;
			sourceTree = "<group>";
		};
		19530787279910C80086906B /* AbiBank */ = {
			isa = PBXGroup;
			children = (
				19530788279910C80086906B /* AppDelegate.swift */,
				1953079E279919080086906B /* Login */,
				19FB30D2279AE5050038F435 /* Onboarding */,
				19FB30D7279B51000038F435 /* Util */,
				1953079C279917C60086906B /* Files */,
				19FB30DE279C3F3F0038F435 /* MainViewController.swift */,
			);
			path = AbiBank;
			sourceTree = "<group>";
		};
		1953079C279917C60086906B /* Files */ = {
			isa = PBXGroup;
			children = (
				19530791279910CB0086906B /* Assets.xcassets */,
				19530793279910CB0086906B /* LaunchScreen.storyboard */,
				19530796279910CB0086906B /* Info.plist */,
			);
			name = Files;
			sourceTree = "<group>";
		};
		1953079E279919080086906B /* Login */ = {
			isa = PBXGroup;
			children = (
				1953078C279910C80086906B /* LoginViewController.swift */,
				1953079F279919AE0086906B /* LoginView.swift */,
				19FB30DA279B55030038F435 /* DummyViewController.swift */,
			);
			name = Login;
			sourceTree = "<group>";
		};
		19FB30D2279AE5050038F435 /* Onboarding */ = {
			isa = PBXGroup;
			children = (
				19FB30D3279AE5860038F435 /* OnboardingContainerViewController.swift */,
				19FB30D5279AEE8E0038F435 /* OnboardingViewController.swift */,
			);
			name = Onboarding;
			sourceTree = "<group>";
		};
		19FB30D7279B51000038F435 /* Util */ = {
			isa = PBXGroup;
			children = (
				19FB30D8279B51420038F435 /* LocalState.swift */,
				19FB30DC279C3CC80038F435 /* UIViewController+Utils.swift */,
			);
			name = Util;
			sourceTree = "<group>";
		};
/* End PBXGroup section */

/* Begin PBXNativeTarget section */
		19530784279910C80086906B /* AbiBank */ = {
			isa = PBXNativeTarget;
			buildConfigurationList = 19530799279910CB0086906B /* Build configuration list for PBXNativeTarget "AbiBank" */;
			buildPhases = (
				19530781279910C80086906B /* Sources */,
				19530782279910C80086906B /* Frameworks */,
				19530783279910C80086906B /* Resources */,
			);
			buildRules = (
			);
			dependencies = (
			);
			name = AbiBank;
			productName = AbiBank;
			productReference = 19530785279910C80086906B /* AbiBank.app */;
			productType = "com.apple.product-type.application";
		};
/* End PBXNativeTarget section */

/* Begin PBXProject section */
		1953077D279910C80086906B /* Project object */ = {
			isa = PBXProject;
			attributes = {
				BuildIndependentTargetsInParallel = 1;
				LastSwiftUpdateCheck = 1320;
				LastUpgradeCheck = 1320;
				TargetAttributes = {
					19530784279910C80086906B = {
						CreatedOnToolsVersion = 13.2.1;
					};
				};
			};
			buildConfigurationList = 19530780279910C80086906B /* Build configuration list for PBXProject "AbiBank" */;
			compatibilityVersion = "Xcode 13.0";
			developmentRegion = en;
			hasScannedForEncodings = 0;
			knownRegions = (
				en,
				Base,
			);
			mainGroup = 1953077C279910C80086906B;
			productRefGroup = 19530786279910C80086906B /* Products */;
			projectDirPath = "";
			projectRoot = "";
			targets = (
				19530784279910C80086906B /* AbiBank */,
			);
		};
/* End PBXProject section */

/* Begin PBXResourcesBuildPhase section */
		19530783279910C80086906B /* Resources */ = {
			isa = PBXResourcesBuildPhase;
			buildActionMask = 2147483647;
			files = (
				19530795279910CB0086906B /* LaunchScreen.storyboard in Resources */,
				19530792279910CB0086906B /* Assets.xcassets in Resources */,
			);
			runOnlyForDeploymentPostprocessing = 0;
		};
/* End PBXResourcesBuildPhase section */

/* Begin PBXSourcesBuildPhase section */
		19530781279910C80086906B /* Sources */ = {
			isa = PBXSourcesBuildPhase;
			buildActionMask = 2147483647;
			files = (
				19FB30DD279C3CC80038F435 /* UIViewController+Utils.swift in Sources */,
				19FB30DB279B55030038F435 /* DummyViewController.swift in Sources */,
				195307A0279919AE0086906B /* LoginView.swift in Sources */,
				19FB30D9279B51420038F435 /* LocalState.swift in Sources */,
				1953078D279910C80086906B /* LoginViewController.swift in Sources */,
				19FB30D6279AEE8E0038F435 /* OnboardingViewController.swift in Sources */,
				19FB30DF279C3F3F0038F435 /* MainViewController.swift in Sources */,
				19530789279910C80086906B /* AppDelegate.swift in Sources */,
				19FB30D4279AE5860038F435 /* OnboardingContainerViewController.swift in Sources */,
			);
			runOnlyForDeploymentPostprocessing = 0;
		};
/* End PBXSourcesBuildPhase section */

/* Begin PBXVariantGroup section */
		19530793279910CB0086906B /* LaunchScreen.storyboard */ = {
			isa = PBXVariantGroup;
			children = (
				19530794279910CB0086906B /* Base */,
			);
			name = LaunchScreen.storyboard;
			sourceTree = "<group>";
		};
/* End PBXVariantGroup section */

/* Begin XCBuildConfiguration section */
		19530797279910CB0086906B /* Debug */ = {
			isa = XCBuildConfiguration;
			buildSettings = {
				ALWAYS_SEARCH_USER_PATHS = NO;
				CLANG_ANALYZER_NONNULL = YES;
				CLANG_ANALYZER_NUMBER_OBJECT_CONVERSION = YES_AGGRESSIVE;
				CLANG_CXX_LANGUAGE_STANDARD = "gnu++17";
				CLANG_CXX_LIBRARY = "libc++";
				CLANG_ENABLE_MODULES = YES;
				CLANG_ENABLE_OBJC_ARC = YES;
				CLANG_ENABLE_OBJC_WEAK = YES;
				CLANG_WARN_BLOCK_CAPTURE_AUTORELEASING = YES;
				CLANG_WARN_BOOL_CONVERSION = YES;
				CLANG_WARN_COMMA = YES;
				CLANG_WARN_CONSTANT_CONVERSION = YES;
				CLANG_WARN_DEPRECATED_OBJC_IMPLEMENTATIONS = YES;
				CLANG_WARN_DIRECT_OBJC_ISA_USAGE = YES_ERROR;
				CLANG_WARN_DOCUMENTATION_COMMENTS = YES;
				CLANG_WARN_EMPTY_BODY = YES;
				CLANG_WARN_ENUM_CONVERSION = YES;
				CLANG_WARN_INFINITE_RECURSION = YES;
				CLANG_WARN_INT_CONVERSION = YES;
				CLANG_WARN_NON_LITERAL_NULL_CONVERSION = YES;
				CLANG_WARN_OBJC_IMPLICIT_RETAIN_SELF = YES;
				CLANG_WARN_OBJC_LITERAL_CONVERSION = YES;
				CLANG_WARN_OBJC_ROOT_CLASS = YES_ERROR;
				CLANG_WARN_QUOTED_INCLUDE_IN_FRAMEWORK_HEADER = YES;
				CLANG_WARN_RANGE_LOOP_ANALYSIS = YES;
				CLANG_WARN_STRICT_PROTOTYPES = YES;
				CLANG_WARN_SUSPICIOUS_MOVE = YES;
				CLANG_WARN_UNGUARDED_AVAILABILITY = YES_AGGRESSIVE;
				CLANG_WARN_UNREACHABLE_CODE = YES;
				CLANG_WARN__DUPLICATE_METHOD_MATCH = YES;
				COPY_PHASE_STRIP = NO;
				DEBUG_INFORMATION_FORMAT = dwarf;
				ENABLE_STRICT_OBJC_MSGSEND = YES;
				ENABLE_TESTABILITY = YES;
				GCC_C_LANGUAGE_STANDARD = gnu11;
				GCC_DYNAMIC_NO_PIC = NO;
				GCC_NO_COMMON_BLOCKS = YES;
				GCC_OPTIMIZATION_LEVEL = 0;
				GCC_PREPROCESSOR_DEFINITIONS = (
					"DEBUG=1",
					"$(inherited)",
				);
				GCC_WARN_64_TO_32_BIT_CONVERSION = YES;
				GCC_WARN_ABOUT_RETURN_TYPE = YES_ERROR;
				GCC_WARN_UNDECLARED_SELECTOR = YES;
				GCC_WARN_UNINITIALIZED_AUTOS = YES_AGGRESSIVE;
				GCC_WARN_UNUSED_FUNCTION = YES;
				GCC_WARN_UNUSED_VARIABLE = YES;
				IPHONEOS_DEPLOYMENT_TARGET = 15.2;
				MTL_ENABLE_DEBUG_INFO = INCLUDE_SOURCE;
				MTL_FAST_MATH = YES;
				ONLY_ACTIVE_ARCH = YES;
				SDKROOT = iphoneos;
				SWIFT_ACTIVE_COMPILATION_CONDITIONS = DEBUG;
				SWIFT_OPTIMIZATION_LEVEL = "-Onone";
			};
			name = Debug;
		};
		19530798279910CB0086906B /* Release */ = {
			isa = XCBuildConfiguration;
			buildSettings = {
				ALWAYS_SEARCH_USER_PATHS = NO;
				CLANG_ANALYZER_NONNULL = YES;
				CLANG_ANALYZER_NUMBER_OBJECT_CONVERSION = YES_AGGRESSIVE;
				CLANG_CXX_LANGUAGE_STANDARD = "gnu++17";
				CLANG_CXX_LIBRARY = "libc++";
				CLANG_ENABLE_MODULES = YES;
				CLANG_ENABLE_OBJC_ARC = YES;
				CLANG_ENABLE_OBJC_WEAK = YES;
				CLANG_WARN_BLOCK_CAPTURE_AUTORELEASING = YES;
				CLANG_WARN_BOOL_CONVERSION = YES;
				CLANG_WARN_COMMA = YES;
				CLANG_WARN_CONSTANT_CONVERSION = YES;
				CLANG_WARN_DEPRECATED_OBJC_IMPLEMENTATIONS = YES;
				CLANG_WARN_DIRECT_OBJC_ISA_USAGE = YES_ERROR;
				CLANG_WARN_DOCUMENTATION_COMMENTS = YES;
				CLANG_WARN_EMPTY_BODY = YES;
				CLANG_WARN_ENUM_CONVERSION = YES;
				CLANG_WARN_INFINITE_RECURSION = YES;
				CLANG_WARN_INT_CONVERSION = YES;
				CLANG_WARN_NON_LITERAL_NULL_CONVERSION = YES;
				CLANG_WARN_OBJC_IMPLICIT_RETAIN_SELF = YES;
				CLANG_WARN_OBJC_LITERAL_CONVERSION = YES;
				CLANG_WARN_OBJC_ROOT_CLASS = YES_ERROR;
				CLANG_WARN_QUOTED_INCLUDE_IN_FRAMEWORK_HEADER = YES;
				CLANG_WARN_RANGE_LOOP_ANALYSIS = YES;
				CLANG_WARN_STRICT_PROTOTYPES = YES;
				CLANG_WARN_SUSPICIOUS_MOVE = YES;
				CLANG_WARN_UNGUARDED_AVAILABILITY = YES_AGGRESSIVE;
				CLANG_WARN_UNREACHABLE_CODE = YES;
				CLANG_WARN__DUPLICATE_METHOD_MATCH = YES;
				COPY_PHASE_STRIP = NO;
				DEBUG_INFORMATION_FORMAT = "dwarf-with-dsym";
				ENABLE_NS_ASSERTIONS = NO;
				ENABLE_STRICT_OBJC_MSGSEND = YES;
				GCC_C_LANGUAGE_STANDARD = gnu11;
				GCC_NO_COMMON_BLOCKS = YES;
				GCC_WARN_64_TO_32_BIT_CONVERSION = YES;
				GCC_WARN_ABOUT_RETURN_TYPE = YES_ERROR;
				GCC_WARN_UNDECLARED_SELECTOR = YES;
				GCC_WARN_UNINITIALIZED_AUTOS = YES_AGGRESSIVE;
				GCC_WARN_UNUSED_FUNCTION = YES;
				GCC_WARN_UNUSED_VARIABLE = YES;
				IPHONEOS_DEPLOYMENT_TARGET = 15.2;
				MTL_ENABLE_DEBUG_INFO = NO;
				MTL_FAST_MATH = YES;
				SDKROOT = iphoneos;
				SWIFT_COMPILATION_MODE = wholemodule;
				SWIFT_OPTIMIZATION_LEVEL = "-O";
				VALIDATE_PRODUCT = YES;
			};
			name = Release;
		};
		1953079A279910CB0086906B /* Debug */ = {
			isa = XCBuildConfiguration;
			buildSettings = {
				ASSETCATALOG_COMPILER_APPICON_NAME = AppIcon;
				ASSETCATALOG_COMPILER_GLOBAL_ACCENT_COLOR_NAME = AccentColor;
				CODE_SIGN_STYLE = Automatic;
				CURRENT_PROJECT_VERSION = 1;
				DEVELOPMENT_TEAM = 5KN4FD2693;
				GENERATE_INFOPLIST_FILE = YES;
				INFOPLIST_FILE = AbiBank/Info.plist;
				INFOPLIST_KEY_UIApplicationSupportsIndirectInputEvents = YES;
				INFOPLIST_KEY_UILaunchStoryboardName = LaunchScreen;
				INFOPLIST_KEY_UISupportedInterfaceOrientations_iPad = "UIInterfaceOrientationPortrait UIInterfaceOrientationPortraitUpsideDown UIInterfaceOrientationLandscapeLeft UIInterfaceOrientationLandscapeRight";
				INFOPLIST_KEY_UISupportedInterfaceOrientations_iPhone = "UIInterfaceOrientationPortrait UIInterfaceOrientationLandscapeLeft UIInterfaceOrientationLandscapeRight";
				LD_RUNPATH_SEARCH_PATHS = (
					"$(inherited)",
					"@executable_path/Frameworks",
				);
				MARKETING_VERSION = 1.0;
				PRODUCT_BUNDLE_IDENTIFIER = com.abi.ENG.Dev.AbiBank;
				PRODUCT_NAME = "$(TARGET_NAME)";
				SWIFT_EMIT_LOC_STRINGS = YES;
				SWIFT_VERSION = 5.0;
				TARGETED_DEVICE_FAMILY = 1;
			};
			name = Debug;
		};
		1953079B279910CB0086906B /* Release */ = {
			isa = XCBuildConfiguration;
			buildSettings = {
				ASSETCATALOG_COMPILER_APPICON_NAME = AppIcon;
				ASSETCATALOG_COMPILER_GLOBAL_ACCENT_COLOR_NAME = AccentColor;
				CODE_SIGN_STYLE = Automatic;
				CURRENT_PROJECT_VERSION = 1;
				DEVELOPMENT_TEAM = 5KN4FD2693;
				GENERATE_INFOPLIST_FILE = YES;
				INFOPLIST_FILE = AbiBank/Info.plist;
				INFOPLIST_KEY_UIApplicationSupportsIndirectInputEvents = YES;
				INFOPLIST_KEY_UILaunchStoryboardName = LaunchScreen;
				INFOPLIST_KEY_UISupportedInterfaceOrientations_iPad = "UIInterfaceOrientationPortrait UIInterfaceOrientationPortraitUpsideDown UIInterfaceOrientationLandscapeLeft UIInterfaceOrientationLandscapeRight";
				INFOPLIST_KEY_UISupportedInterfaceOrientations_iPhone = "UIInterfaceOrientationPortrait UIInterfaceOrientationLandscapeLeft UIInterfaceOrientationLandscapeRight";
				LD_RUNPATH_SEARCH_PATHS = (
					"$(inherited)",
					"@executable_path/Frameworks",
				);
				MARKETING_VERSION = 1.0;
				PRODUCT_BUNDLE_IDENTIFIER = com.abi.ENG.Dev.AbiBank;
				PRODUCT_NAME = "$(TARGET_NAME)";
				SWIFT_EMIT_LOC_STRINGS = YES;
				SWIFT_VERSION = 5.0;
				TARGETED_DEVICE_FAMILY = 1;
			};
			name = Release;
		};
/* End XCBuildConfiguration section */

/* Begin XCConfigurationList section */
		19530780279910C80086906B /* Build configuration list for PBXProject "AbiBank" */ = {
			isa = XCConfigurationList;
			buildConfigurations = (
				19530797279910CB0086906B /* Debug */,
				19530798279910CB0086906B /* Release */,
			);
			defaultConfigurationIsVisible = 0;
			defaultConfigurationName = Release;
		};
		19530799279910CB0086906B /* Build configuration list for PBXNativeTarget "AbiBank" */ = {
			isa = XCConfigurationList;
			buildConfigurations = (
				1953079A279910CB0086906B /* Debug */,
				1953079B279910CB0086906B /* Release */,
			);
			defaultConfigurationIsVisible = 0;
			defaultConfigurationName = Release;
		};
/* End XCConfigurationList section */
	};
	rootObject = 1953077D279910C80086906B /* Project object */;
}
